
Microsoft Visual Studio Solution File, Format Version 12.00
# Visual Studio Version 17
VisualStudioVersion = 17.9.34728.123
MinimumVisualStudioVersion = 10.0.40219.1
Project("{FAE04EC0-301F-11D3-BF4B-00C04F79EFBC}") = "DialogRouterConfigApp", "DialogRouterConfigApp.csproj", "{EB29CDFA-0D19-4AD9-B215-8A78E4F2E340}"
EndProject
Global
	GlobalSection(SolutionConfigurationPlatforms) = preSolution
		Debug|Any CPU = Debug|Any CPU
		Release|Any CPU = Release|Any CPU
	EndGlobalSection
	GlobalSection(ProjectConfigurationPlatforms) = postSolution
		{EB29CDFA-0D19-4AD9-B215-8A78E4F2E340}.Debug|Any CPU.ActiveCfg = Debug|Any CPU
		{EB29CDFA-0D19-4AD9-B215-8A78E4F2E340}.Debug|Any CPU.Build.0 = Debug|Any CPU
		{EB29CDFA-0D19-4AD9-B215-8A78E4F2E340}.Release|Any CPU.ActiveCfg = Release|Any CPU
		{EB29CDFA-0D19-4AD9-B215-8A78E4F2E340}.Release|Any CPU.Build.0 = Release|Any CPU
	EndGlobalSection
	GlobalSection(SolutionProperties) = preSolution
		HideSolutionNode = FALSE
	EndGlobalSection
	GlobalSection(ExtensibilityGlobals) = postSolution
		SolutionGuid = {F3916580-2F8B-4B24-BB59-F41850809454}
	EndGlobalSection
EndGlobal
